
Microsoft Visual Studio Solution File, Format Version 12.00
# Visual Studio Version 17
VisualStudioVersion = 17.9.34728.123
MinimumVisualStudioVersion = 10.0.40219.1
Project("{8BC9CEB8-8B4A-11D0-8D11-00A0C91BC942}") = "Qt Lab10-11", "Qt Lab10-11.vcxproj", "{7EB191C9-D291-4011-A043-A2BEA00BF13E}"
EndProject
Global
	GlobalSection(SolutionConfigurationPlatforms) = preSolution
		Debug|x64 = Debug|x64
		Release|x64 = Release|x64
	EndGlobalSection
	GlobalSection(ProjectConfigurationPlatforms) = postSolution
		{7EB191C9-D291-4011-A043-A2BEA00BF13E}.Debug|x64.ActiveCfg = Debug|x64
		{7EB191C9-D291-4011-A043-A2BEA00BF13E}.Debug|x64.Build.0 = Debug|x64
		{7EB191C9-D291-4011-A043-A2BEA00BF13E}.Release|x64.ActiveCfg = Release|x64
		{7EB191C9-D291-4011-A043-A2BEA00BF13E}.Release|x64.Build.0 = Release|x64
	EndGlobalSection
	GlobalSection(SolutionProperties) = preSolution
		HideSolutionNode = FALSE
	EndGlobalSection
	GlobalSection(ExtensibilityGlobals) = postSolution
		SolutionGuid = {9623EAA6-C4C5-4DAD-958C-DB8BA73D3658}
	EndGlobalSection
EndGlobal
